// !$*UTF8*$!
{
	archiveVersion = 1;
	classes = {
	};
	objectVersion = 46;
	objects = {

/* Begin PBXBuildFile section */
		371F8EC41591ED3E00A6082F /* UIKit.framework in Frameworks */ = {isa = PBXBuildFile; fileRef = 371F8EC31591ED3E00A6082F /* UIKit.framework */; };
		371F8EC61591ED3E00A6082F /* Foundation.framework in Frameworks */ = {isa = PBXBuildFile; fileRef = 371F8EC51591ED3E00A6082F /* Foundation.framework */; };
		371F8EC81591ED3E00A6082F /* CoreGraphics.framework in Frameworks */ = {isa = PBXBuildFile; fileRef = 371F8EC71591ED3E00A6082F /* CoreGraphics.framework */; };
		371F8ECE1591ED3E00A6082F /* InfoPlist.strings in Resources */ = {isa = PBXBuildFile; fileRef = 371F8ECC1591ED3E00A6082F /* InfoPlist.strings */; };
		371F8ED01591ED3E00A6082F /* main.m in Sources */ = {isa = PBXBuildFile; fileRef = 371F8ECF1591ED3E00A6082F /* main.m */; };
		371F8ED41591ED3F00A6082F /* NVAppDelegate.m in Sources */ = {isa = PBXBuildFile; fileRef = 371F8ED31591ED3F00A6082F /* NVAppDelegate.m */; };
		371F8ED71591ED3F00A6082F /* NVViewController.m in Sources */ = {isa = PBXBuildFile; fileRef = 371F8ED61591ED3F00A6082F /* NVViewController.m */; };
		371F8EDA1591ED3F00A6082F /* NVViewController_iPhone.xib in Resources */ = {isa = PBXBuildFile; fileRef = 371F8ED81591ED3F00A6082F /* NVViewController_iPhone.xib */; };
		3771964D16C269050008E988 /* NVUIGradientButton.m in Sources */ = {isa = PBXBuildFile; fileRef = 3771964C16C269050008E988 /* NVUIGradientButton.m */; };
		3771964F16C26C0C0008E988 /* Default-568h@2x.png in Resources */ = {isa = PBXBuildFile; fileRef = 3771964E16C26C0C0008E988 /* Default-568h@2x.png */; };
		3771965116C26CD50008E988 /* arrow_reversed.png in Resources */ = {isa = PBXBuildFile; fileRef = 3771965016C26CD50008E988 /* arrow_reversed.png */; };
		378EF69415F6084B007FD971 /* arrow.png in Resources */ = {isa = PBXBuildFile; fileRef = 378EF69315F6084B007FD971 /* arrow.png */; };
/* End PBXBuildFile section */

/* Begin PBXFileReference section */
		371D89961600B73B000B4BDA /* CHANGELOG.md */ = {isa = PBXFileReference; fileEncoding = 4; lastKnownFileType = text; name = CHANGELOG.md; path = ../CHANGELOG.md; sourceTree = "<group>"; };
		371D89971600B73B000B4BDA /* README.md */ = {isa = PBXFileReference; fileEncoding = 4; lastKnownFileType = text; name = README.md; path = ../README.md; sourceTree = "<group>"; };
		371D89981600B73B000B4BDA /* VERSION */ = {isa = PBXFileReference; fileEncoding = 4; lastKnownFileType = text; name = VERSION; path = ../VERSION; sourceTree = "<group>"; };
		371F8EBF1591ED3E00A6082F /* NVUIGradientButtonSample.app */ = {isa = PBXFileReference; explicitFileType = wrapper.application; includeInIndex = 0; path = NVUIGradientButtonSample.app; sourceTree = BUILT_PRODUCTS_DIR; };
		371F8EC31591ED3E00A6082F /* UIKit.framework */ = {isa = PBXFileReference; lastKnownFileType = wrapper.framework; name = UIKit.framework; path = System/Library/Frameworks/UIKit.framework; sourceTree = SDKROOT; };
		371F8EC51591ED3E00A6082F /* Foundation.framework */ = {isa = PBXFileReference; lastKnownFileType = wrapper.framework; name = Foundation.framework; path = System/Library/Frameworks/Foundation.framework; sourceTree = SDKROOT; };
		371F8EC71591ED3E00A6082F /* CoreGraphics.framework */ = {isa = PBXFileReference; lastKnownFileType = wrapper.framework; name = CoreGraphics.framework; path = System/Library/Frameworks/CoreGraphics.framework; sourceTree = SDKROOT; };
		371F8ECB1591ED3E00A6082F /* NVUIGradientButtonSample-Info.plist */ = {isa = PBXFileReference; lastKnownFileType = text.plist.xml; path = "NVUIGradientButtonSample-Info.plist"; sourceTree = "<group>"; };
		371F8ECD1591ED3E00A6082F /* en */ = {isa = PBXFileReference; lastKnownFileType = text.plist.strings; name = en; path = en.lproj/InfoPlist.strings; sourceTree = "<group>"; };
		371F8ECF1591ED3E00A6082F /* main.m */ = {isa = PBXFileReference; lastKnownFileType = sourcecode.c.objc; path = main.m; sourceTree = "<group>"; };
		371F8ED11591ED3F00A6082F /* NVUIGradientButtonSample-Prefix.pch */ = {isa = PBXFileReference; lastKnownFileType = sourcecode.c.h; path = "NVUIGradientButtonSample-Prefix.pch"; sourceTree = "<group>"; };
		371F8ED21591ED3F00A6082F /* NVAppDelegate.h */ = {isa = PBXFileReference; lastKnownFileType = sourcecode.c.h; path = NVAppDelegate.h; sourceTree = "<group>"; };
		371F8ED31591ED3F00A6082F /* NVAppDelegate.m */ = {isa = PBXFileReference; lastKnownFileType = sourcecode.c.objc; path = NVAppDelegate.m; sourceTree = "<group>"; };
		371F8ED51591ED3F00A6082F /* NVViewController.h */ = {isa = PBXFileReference; lastKnownFileType = sourcecode.c.h; path = NVViewController.h; sourceTree = "<group>"; };
		371F8ED61591ED3F00A6082F /* NVViewController.m */ = {isa = PBXFileReference; lastKnownFileType = sourcecode.c.objc; path = NVViewController.m; sourceTree = "<group>"; };
		371F8ED91591ED3F00A6082F /* en */ = {isa = PBXFileReference; lastKnownFileType = file.xib; name = en; path = en.lproj/NVViewController_iPhone.xib; sourceTree = "<group>"; };
		3771964B16C269050008E988 /* NVUIGradientButton.h */ = {isa = PBXFileReference; fileEncoding = 4; lastKnownFileType = sourcecode.c.h; path = NVUIGradientButton.h; sourceTree = "<group>"; };
		3771964C16C269050008E988 /* NVUIGradientButton.m */ = {isa = PBXFileReference; fileEncoding = 4; lastKnownFileType = sourcecode.c.objc; path = NVUIGradientButton.m; sourceTree = "<group>"; };
		3771964E16C26C0C0008E988 /* Default-568h@2x.png */ = {isa = PBXFileReference; lastKnownFileType = image.png; name = "Default-568h@2x.png"; path = "../Default-568h@2x.png"; sourceTree = "<group>"; };
		3771965016C26CD50008E988 /* arrow_reversed.png */ = {isa = PBXFileReference; lastKnownFileType = image.png; path = arrow_reversed.png; sourceTree = "<group>"; };
		3771965216C271960008E988 /* NVUIGradientButton.podspec */ = {isa = PBXFileReference; lastKnownFileType = text; name = NVUIGradientButton.podspec; path = ../NVUIGradientButton.podspec; sourceTree = "<group>"; };
		378EF69315F6084B007FD971 /* arrow.png */ = {isa = PBXFileReference; lastKnownFileType = image.png; path = arrow.png; sourceTree = "<group>"; };
/* End PBXFileReference section */

/* Begin PBXFrameworksBuildPhase section */
		371F8EBC1591ED3E00A6082F /* Frameworks */ = {
			isa = PBXFrameworksBuildPhase;
			buildActionMask = 2147483647;
			files = (
				371F8EC41591ED3E00A6082F /* UIKit.framework in Frameworks */,
				371F8EC61591ED3E00A6082F /* Foundation.framework in Frameworks */,
				371F8EC81591ED3E00A6082F /* CoreGraphics.framework in Frameworks */,
			);
			runOnlyForDeploymentPostprocessing = 0;
		};
/* End PBXFrameworksBuildPhase section */

/* Begin PBXGroup section */
		371F8EB41591ED3D00A6082F = {
			isa = PBXGroup;
			children = (
				371F8EE31591ED5300A6082F /* lib */,
				371F8EC91591ED3E00A6082F /* NVUIGradientButtonSample */,
				371F8EC21591ED3E00A6082F /* Frameworks */,
				371F8EC01591ED3E00A6082F /* Products */,
				371D89961600B73B000B4BDA /* CHANGELOG.md */,
				371D89971600B73B000B4BDA /* README.md */,
				371D89981600B73B000B4BDA /* VERSION */,
				3771965216C271960008E988 /* NVUIGradientButton.podspec */,
			);
			sourceTree = "<group>";
		};
		371F8EC01591ED3E00A6082F /* Products */ = {
			isa = PBXGroup;
			children = (
				371F8EBF1591ED3E00A6082F /* NVUIGradientButtonSample.app */,
			);
			name = Products;
			sourceTree = "<group>";
		};
		371F8EC21591ED3E00A6082F /* Frameworks */ = {
			isa = PBXGroup;
			children = (
				371F8EC31591ED3E00A6082F /* UIKit.framework */,
				371F8EC51591ED3E00A6082F /* Foundation.framework */,
				371F8EC71591ED3E00A6082F /* CoreGraphics.framework */,
			);
			name = Frameworks;
			sourceTree = "<group>";
		};
		371F8EC91591ED3E00A6082F /* NVUIGradientButtonSample */ = {
			isa = PBXGroup;
			children = (
				371F8ED21591ED3F00A6082F /* NVAppDelegate.h */,
				371F8ED31591ED3F00A6082F /* NVAppDelegate.m */,
				371F8ED51591ED3F00A6082F /* NVViewController.h */,
				371F8ED61591ED3F00A6082F /* NVViewController.m */,
				371F8ED81591ED3F00A6082F /* NVViewController_iPhone.xib */,
				378EF69315F6084B007FD971 /* arrow.png */,
				3771965016C26CD50008E988 /* arrow_reversed.png */,
				371F8ECA1591ED3E00A6082F /* Supporting Files */,
			);
			path = NVUIGradientButtonSample;
			sourceTree = "<group>";
		};
		371F8ECA1591ED3E00A6082F /* Supporting Files */ = {
			isa = PBXGroup;
			children = (
				3771964E16C26C0C0008E988 /* Default-568h@2x.png */,
				371F8ECB1591ED3E00A6082F /* NVUIGradientButtonSample-Info.plist */,
				371F8ECC1591ED3E00A6082F /* InfoPlist.strings */,
				371F8ECF1591ED3E00A6082F /* main.m */,
				371F8ED11591ED3F00A6082F /* NVUIGradientButtonSample-Prefix.pch */,
			);
			name = "Supporting Files";
			sourceTree = "<group>";
		};
		371F8EE31591ED5300A6082F /* lib */ = {
			isa = PBXGroup;
			children = (
				3771964A16C269050008E988 /* NVUIGradientButton */,
			);
			name = lib;
			path = ../lib;
			sourceTree = "<group>";
		};
		3771964A16C269050008E988 /* NVUIGradientButton */ = {
			isa = PBXGroup;
			children = (
				3771964B16C269050008E988 /* NVUIGradientButton.h */,
				3771964C16C269050008E988 /* NVUIGradientButton.m */,
			);
			path = NVUIGradientButton;
			sourceTree = "<group>";
		};
/* End PBXGroup section */

/* Begin PBXNativeTarget section */
		371F8EBE1591ED3E00A6082F /* NVUIGradientButtonSample */ = {
			isa = PBXNativeTarget;
			buildConfigurationList = 371F8EE01591ED3F00A6082F /* Build configuration list for PBXNativeTarget "NVUIGradientButtonSample" */;
			buildPhases = (
				371F8EBB1591ED3E00A6082F /* Sources */,
				371F8EBC1591ED3E00A6082F /* Frameworks */,
				371F8EBD1591ED3E00A6082F /* Resources */,
			);
			buildRules = (
			);
			dependencies = (
			);
			name = NVUIGradientButtonSample;
			productName = NVUIGradientButtonSample;
			productReference = 371F8EBF1591ED3E00A6082F /* NVUIGradientButtonSample.app */;
			productType = "com.apple.product-type.application";
		};
/* End PBXNativeTarget section */

/* Begin PBXProject section */
		371F8EB61591ED3D00A6082F /* Project object */ = {
			isa = PBXProject;
			attributes = {
				CLASSPREFIX = NV;
				LastUpgradeCheck = 0500;
				ORGANIZATIONNAME = "Chlorophyll Vision";
			};
			buildConfigurationList = 371F8EB91591ED3D00A6082F /* Build configuration list for PBXProject "NVUIGradientButtonSample" */;
			compatibilityVersion = "Xcode 3.2";
			developmentRegion = English;
			hasScannedForEncodings = 0;
			knownRegions = (
				en,
			);
			mainGroup = 371F8EB41591ED3D00A6082F;
			productRefGroup = 371F8EC01591ED3E00A6082F /* Products */;
			projectDirPath = "";
			projectRoot = "";
			targets = (
				371F8EBE1591ED3E00A6082F /* NVUIGradientButtonSample */,
			);
		};
/* End PBXProject section */

/* Begin PBXResourcesBuildPhase section */
		371F8EBD1591ED3E00A6082F /* Resources */ = {
			isa = PBXResourcesBuildPhase;
			buildActionMask = 2147483647;
			files = (
				371F8ECE1591ED3E00A6082F /* InfoPlist.strings in Resources */,
				371F8EDA1591ED3F00A6082F /* NVViewController_iPhone.xib in Resources */,
				378EF69415F6084B007FD971 /* arrow.png in Resources */,
				3771964F16C26C0C0008E988 /* Default-568h@2x.png in Resources */,
				3771965116C26CD50008E988 /* arrow_reversed.png in Resources */,
			);
			runOnlyForDeploymentPostprocessing = 0;
		};
/* End PBXResourcesBuildPhase section */

/* Begin PBXSourcesBuildPhase section */
		371F8EBB1591ED3E00A6082F /* Sources */ = {
			isa = PBXSourcesBuildPhase;
			buildActionMask = 2147483647;
			files = (
				371F8ED01591ED3E00A6082F /* main.m in Sources */,
				371F8ED41591ED3F00A6082F /* NVAppDelegate.m in Sources */,
				371F8ED71591ED3F00A6082F /* NVViewController.m in Sources */,
				3771964D16C269050008E988 /* NVUIGradientButton.m in Sources */,
			);
			runOnlyForDeploymentPostprocessing = 0;
		};
/* End PBXSourcesBuildPhase section */

/* Begin PBXVariantGroup section */
		371F8ECC1591ED3E00A6082F /* InfoPlist.strings */ = {
			isa = PBXVariantGroup;
			children = (
				371F8ECD1591ED3E00A6082F /* en */,
			);
			name = InfoPlist.strings;
			sourceTree = "<group>";
		};
		371F8ED81591ED3F00A6082F /* NVViewController_iPhone.xib */ = {
			isa = PBXVariantGroup;
			children = (
				371F8ED91591ED3F00A6082F /* en */,
			);
			name = NVViewController_iPhone.xib;
			sourceTree = "<group>";
		};
/* End PBXVariantGroup section */

/* Begin XCBuildConfiguration section */
		371F8EDE1591ED3F00A6082F /* Debug */ = {
			isa = XCBuildConfiguration;
			buildSettings = {
				ALWAYS_SEARCH_USER_PATHS = NO;
				CLANG_WARN_BOOL_CONVERSION = YES;
				CLANG_WARN_CONSTANT_CONVERSION = YES;
				CLANG_WARN_EMPTY_BODY = YES;
				CLANG_WARN_ENUM_CONVERSION = YES;
				CLANG_WARN_INT_CONVERSION = YES;
				CLANG_WARN__DUPLICATE_METHOD_MATCH = YES;
				"CODE_SIGN_IDENTITY[sdk=iphoneos*]" = "iPhone Developer";
				COPY_PHASE_STRIP = NO;
				GCC_C_LANGUAGE_STANDARD = gnu99;
				GCC_DYNAMIC_NO_PIC = NO;
				GCC_OPTIMIZATION_LEVEL = 0;
				GCC_PREPROCESSOR_DEFINITIONS = (
					"DEBUG=1",
					"$(inherited)",
				);
				GCC_SYMBOLS_PRIVATE_EXTERN = NO;
				GCC_VERSION = com.apple.compilers.llvm.clang.1_0;
				GCC_WARN_64_TO_32_BIT_CONVERSION = YES;
				GCC_WARN_ABOUT_RETURN_TYPE = YES;
				GCC_WARN_UNDECLARED_SELECTOR = YES;
				GCC_WARN_UNINITIALIZED_AUTOS = YES;
				GCC_WARN_UNUSED_FUNCTION = YES;
				GCC_WARN_UNUSED_VARIABLE = YES;
				IPHONEOS_DEPLOYMENT_TARGET = 5.1;
				ONLY_ACTIVE_ARCH = YES;
				SDKROOT = iphoneos;
				TARGETED_DEVICE_FAMILY = "1,2";
			};
			name = Debug;
		};
		371F8EDF1591ED3F00A6082F /* Release */ = {
			isa = XCBuildConfiguration;
			buildSettings = {
				ALWAYS_SEARCH_USER_PATHS = NO;
				CLANG_WARN_BOOL_CONVERSION = YES;
				CLANG_WARN_CONSTANT_CONVERSION = YES;
				CLANG_WARN_EMPTY_BODY = YES;
				CLANG_WARN_ENUM_CONVERSION = YES;
				CLANG_WARN_INT_CONVERSION = YES;
				CLANG_WARN__DUPLICATE_METHOD_MATCH = YES;
				"CODE_SIGN_IDENTITY[sdk=iphoneos*]" = "iPhone Developer";
				COPY_PHASE_STRIP = YES;
				GCC_C_LANGUAGE_STANDARD = gnu99;
				GCC_VERSION = com.apple.compilers.llvm.clang.1_0;
				GCC_WARN_64_TO_32_BIT_CONVERSION = YES;
				GCC_WARN_ABOUT_RETURN_TYPE = YES;
				GCC_WARN_UNDECLARED_SELECTOR = YES;
				GCC_WARN_UNINITIALIZED_AUTOS = YES;
				GCC_WARN_UNUSED_FUNCTION = YES;
				GCC_WARN_UNUSED_VARIABLE = YES;
				IPHONEOS_DEPLOYMENT_TARGET = 5.1;
				OTHER_CFLAGS = "-DNS_BLOCK_ASSERTIONS=1";
				SDKROOT = iphoneos;
				TARGETED_DEVICE_FAMILY = "1,2";
				VALIDATE_PRODUCT = YES;
			};
			name = Release;
		};
		371F8EE11591ED3F00A6082F /* Debug */ = {
			isa = XCBuildConfiguration;
			buildSettings = {
				CLANG_ENABLE_OBJC_ARC = YES;
				GCC_PRECOMPILE_PREFIX_HEADER = YES;
				GCC_PREFIX_HEADER = "NVUIGradientButtonSample/NVUIGradientButtonSample-Prefix.pch";
				INFOPLIST_FILE = "NVUIGradientButtonSample/NVUIGradientButtonSample-Info.plist";
				IPHONEOS_DEPLOYMENT_TARGET = 4.0;
				PRODUCT_NAME = "$(TARGET_NAME)";
				TARGETED_DEVICE_FAMILY = 1;
				WRAPPER_EXTENSION = app;
			};
			name = Debug;
		};
		371F8EE21591ED3F00A6082F /* Release */ = {
			isa = XCBuildConfiguration;
			buildSettings = {
				CLANG_ENABLE_OBJC_ARC = YES;
				GCC_PRECOMPILE_PREFIX_HEADER = YES;
				GCC_PREFIX_HEADER = "NVUIGradientButtonSample/NVUIGradientButtonSample-Prefix.pch";
				INFOPLIST_FILE = "NVUIGradientButtonSample/NVUIGradientButtonSample-Info.plist";
				IPHONEOS_DEPLOYMENT_TARGET = 4.0;
				PRODUCT_NAME = "$(TARGET_NAME)";
				TARGETED_DEVICE_FAMILY = 1;
				WRAPPER_EXTENSION = app;
			};
			name = Release;
		};
/* End XCBuildConfiguration section */

/* Begin XCConfigurationList section */
		371F8EB91591ED3D00A6082F /* Build configuration list for PBXProject "NVUIGradientButtonSample" */ = {
			isa = XCConfigurationList;
			buildConfigurations = (
				371F8EDE1591ED3F00A6082F /* Debug */,
				371F8EDF1591ED3F00A6082F /* Release */,
			);
			defaultConfigurationIsVisible = 0;
			defaultConfigurationName = Release;
		};
		371F8EE01591ED3F00A6082F /* Build configuration list for PBXNativeTarget "NVUIGradientButtonSample" */ = {
			isa = XCConfigurationList;
			buildConfigurations = (
				371F8EE11591ED3F00A6082F /* Debug */,
				371F8EE21591ED3F00A6082F /* Release */,
			);
			defaultConfigurationIsVisible = 0;
			defaultConfigurationName = Release;
		};
/* End XCConfigurationList section */
	};
	rootObject = 371F8EB61591ED3D00A6082F /* Project object */;
}
